{
    "_meta": {
        "hash": {
            "sha256": "e714c3c59c8b2bd1a7e3216437709b9b0b8a4d30e8bb0e3619bf63576f42e27b"
        },
        "pipfile-spec": 6,
        "requires": {
            "python_version": "3.11"
        },
        "sources": [
            {
                "name": "pypi",
                "url": "https://pypi.org/simple",
                "verify_ssl": true
            }
        ]
    },
    "default": {},
    "develop": {}
}
